
Microsoft Visual Studio Solution File, Format Version 12.00
# Visual Studio 15
VisualStudioVersion = 15.0.27703.2026
MinimumVisualStudioVersion = 10.0.40219.1
Project("{8BC9CEB8-8B4A-11D0-8D11-00A0C91BC942}") = "produttore", "tpsit md5\tpsit md5.vcxproj", "{91E72249-5F9B-4C1D-8031-DBDC85BA7F25}"
EndProject
Project("{8BC9CEB8-8B4A-11D0-8D11-00A0C91BC942}") = "consumatore", "consumatore\consumatore.vcxproj", "{AB182F02-0397-41EF-9FC5-A1C45F4B5DBA}"
EndProject
Global
	GlobalSection(SolutionConfigurationPlatforms) = preSolution
		Debug|x64 = Debug|x64
		Debug|x86 = Debug|x86
		Release|x64 = Release|x64
		Release|x86 = Release|x86
	EndGlobalSection
	GlobalSection(ProjectConfigurationPlatforms) = postSolution
		{91E72249-5F9B-4C1D-8031-DBDC85BA7F25}.Debug|x64.ActiveCfg = Debug|x64
		{91E72249-5F9B-4C1D-8031-DBDC85BA7F25}.Debug|x64.Build.0 = Debug|x64
		{91E72249-5F9B-4C1D-8031-DBDC85BA7F25}.Debug|x86.ActiveCfg = Debug|Win32
		{91E72249-5F9B-4C1D-8031-DBDC85BA7F25}.Debug|x86.Build.0 = Debug|Win32
		{91E72249-5F9B-4C1D-8031-DBDC85BA7F25}.Release|x64.ActiveCfg = Release|x64
		{91E72249-5F9B-4C1D-8031-DBDC85BA7F25}.Release|x64.Build.0 = Release|x64
		{91E72249-5F9B-4C1D-8031-DBDC85BA7F25}.Release|x86.ActiveCfg = Release|Win32
		{91E72249-5F9B-4C1D-8031-DBDC85BA7F25}.Release|x86.Build.0 = Release|Win32
		{AB182F02-0397-41EF-9FC5-A1C45F4B5DBA}.Debug|x64.ActiveCfg = Debug|x64
		{AB182F02-0397-41EF-9FC5-A1C45F4B5DBA}.Debug|x64.Build.0 = Debug|x64
		{AB182F02-0397-41EF-9FC5-A1C45F4B5DBA}.Debug|x86.ActiveCfg = Debug|Win32
		{AB182F02-0397-41EF-9FC5-A1C45F4B5DBA}.Debug|x86.Build.0 = Debug|Win32
		{AB182F02-0397-41EF-9FC5-A1C45F4B5DBA}.Release|x64.ActiveCfg = Release|x64
		{AB182F02-0397-41EF-9FC5-A1C45F4B5DBA}.Release|x64.Build.0 = Release|x64
		{AB182F02-0397-41EF-9FC5-A1C45F4B5DBA}.Release|x86.ActiveCfg = Release|Win32
		{AB182F02-0397-41EF-9FC5-A1C45F4B5DBA}.Release|x86.Build.0 = Release|Win32
	EndGlobalSection
	GlobalSection(SolutionProperties) = preSolution
		HideSolutionNode = FALSE
	EndGlobalSection
	GlobalSection(ExtensibilityGlobals) = postSolution
		SolutionGuid = {15302EAD-B924-44FC-8E0C-16190EAA3FD5}
	EndGlobalSection
EndGlobal
